schema: '2.0'
stages:
  ingest:
    cmd: python3 src/data/ingestion.py
    deps:
    - path: data/external/dataset.csv
      hash: md5
      md5: 371522628a41033519cadcb94a18af3b
      size: 2679423
    - path: src/data/ingestion.py
      hash: md5
      md5: b298a4694a5510b2a0f1c305e0a3aaaf
      size: 3595
    outs:
    - path: data/raw/dataset.csv
      hash: md5
      md5: 371522628a41033519cadcb94a18af3b
      size: 2679423
  preprocess:
    cmd: python3 src/data/preprocessing.py
    deps:
    - path: data/raw/dataset.csv
      hash: md5
      md5: 371522628a41033519cadcb94a18af3b
      size: 2679423
    - path: src/data/preprocessing.py
      hash: md5
      md5: ec29885956c05f5c3a286656f1ba1272
      size: 2249
    outs:
    - path: data/processed/demand_data.csv
      hash: md5
      md5: 371522628a41033519cadcb94a18af3b
      size: 2679423
  build_features:
    cmd: python3 src/features/build_features.py
    deps:
    - path: data/processed/demand_data.csv
      hash: md5
      md5: 371522628a41033519cadcb94a18af3b
      size: 2679423
    - path: src/features/build_features.py
      hash: md5
      md5: 3cb9afe2aedaca18029f71f8ab04e9b5
      size: 3928
    outs:
    - path: data/features/features.parquet
      hash: md5
      md5: 6fb3693e8857e6ff0b9fb36a31967177
      size: 704760
    - path: data/features/features_config.json
      hash: md5
      md5: 77e28d653bdafa42392ede70b4a08522
      size: 1385
  train:
    cmd: python3 src/models/train.py
    deps:
    - path: data/features/features.parquet
      hash: md5
      md5: 6fb3693e8857e6ff0b9fb36a31967177
      size: 704760
    - path: data/features/features_config.json
      hash: md5
      md5: 77e28d653bdafa42392ede70b4a08522
      size: 1385
    - path: src/models/train.py
      hash: md5
      md5: b6af6ba48fe97d5ecf3090c73fddd01d
      size: 9335
    outs:
    - path: metrics.json
      hash: md5
      md5: 24b0282c809def52892f1373f1c53fe6
      size: 162
    - path: models/model.pkl
      hash: md5
      md5: 6ec7cd45870e64b7bd90e84393537646
      size: 33585963
